
Microsoft Visual Studio Solution File, Format Version 12.00
# Visual Studio 2012
Project("{FAE04EC0-301F-11D3-BF4B-00C04F79EFBC}") = "SofewareUpdate", "SofewareUpdate\SofewareUpdate.csproj", "{7764CB12-D874-4E42-A9BC-1E5226196AF3}"
EndProject
Project("{FAE04EC0-301F-11D3-BF4B-00C04F79EFBC}") = "Test", "Test\Test.csproj", "{C1A20E27-8D55-469C-83B9-0259F3A7C65F}"
EndProject
Project("{FAE04EC0-301F-11D3-BF4B-00C04F79EFBC}") = "UpdateMake", "UpdateMake\UpdateMake.csproj", "{5F427445-EC7B-49F2-8DA4-5CD144E67BC7}"
EndProject
Global
	GlobalSection(SolutionConfigurationPlatforms) = preSolution
		Debug|Any CPU = Debug|Any CPU
		Release|Any CPU = Release|Any CPU
	EndGlobalSection
	GlobalSection(ProjectConfigurationPlatforms) = postSolution
		{7764CB12-D874-4E42-A9BC-1E5226196AF3}.Debug|Any CPU.ActiveCfg = Debug|Any CPU
		{7764CB12-D874-4E42-A9BC-1E5226196AF3}.Debug|Any CPU.Build.0 = Debug|Any CPU
		{7764CB12-D874-4E42-A9BC-1E5226196AF3}.Release|Any CPU.ActiveCfg = Release|Any CPU
		{7764CB12-D874-4E42-A9BC-1E5226196AF3}.Release|Any CPU.Build.0 = Release|Any CPU
		{C1A20E27-8D55-469C-83B9-0259F3A7C65F}.Debug|Any CPU.ActiveCfg = Debug|Any CPU
		{C1A20E27-8D55-469C-83B9-0259F3A7C65F}.Debug|Any CPU.Build.0 = Debug|Any CPU
		{C1A20E27-8D55-469C-83B9-0259F3A7C65F}.Release|Any CPU.ActiveCfg = Release|Any CPU
		{C1A20E27-8D55-469C-83B9-0259F3A7C65F}.Release|Any CPU.Build.0 = Release|Any CPU
		{5F427445-EC7B-49F2-8DA4-5CD144E67BC7}.Debug|Any CPU.ActiveCfg = Debug|Any CPU
		{5F427445-EC7B-49F2-8DA4-5CD144E67BC7}.Debug|Any CPU.Build.0 = Debug|Any CPU
		{5F427445-EC7B-49F2-8DA4-5CD144E67BC7}.Release|Any CPU.ActiveCfg = Release|Any CPU
		{5F427445-EC7B-49F2-8DA4-5CD144E67BC7}.Release|Any CPU.Build.0 = Release|Any CPU
	EndGlobalSection
	GlobalSection(SolutionProperties) = preSolution
		HideSolutionNode = FALSE
	EndGlobalSection
EndGlobal
